
Microsoft Visual Studio Solution File, Format Version 12.00
# Visual Studio 14
VisualStudioVersion = 14.0.23107.0
MinimumVisualStudioVersion = 10.0.40219.1
Project("{FAE04EC0-301F-11D3-BF4B-00C04F79EFBC}") = "OnlineCosmeticsStore", "OnlineCosmeticsStore\OnlineCosmeticsStore.csproj", "{ED0779E0-E3AB-4DE1-B95F-DF7740C8C2BA}"
EndProject
Project("{FAE04EC0-301F-11D3-BF4B-00C04F79EFBC}") = "OnlineCosmeticsStoreUI", "OnlineCosmeticsStoreUI\OnlineCosmeticsStoreUI.csproj", "{4E94F62C-3725-492E-823F-D9C3C10CD927}"
EndProject
Project("{FAE04EC0-301F-11D3-BF4B-00C04F79EFBC}") = "OnlineCosmeticsStoreUI.Tests", "OnlineCosmeticsStoreUI.Tests\OnlineCosmeticsStoreUI.Tests.csproj", "{07E82D77-2EA7-47FA-87A4-03D5284A7BF1}"
EndProject
Global
	GlobalSection(SolutionConfigurationPlatforms) = preSolution
		Debug|Any CPU = Debug|Any CPU
		Release|Any CPU = Release|Any CPU
	EndGlobalSection
	GlobalSection(ProjectConfigurationPlatforms) = postSolution
		{ED0779E0-E3AB-4DE1-B95F-DF7740C8C2BA}.Debug|Any CPU.ActiveCfg = Debug|Any CPU
		{ED0779E0-E3AB-4DE1-B95F-DF7740C8C2BA}.Debug|Any CPU.Build.0 = Debug|Any CPU
		{ED0779E0-E3AB-4DE1-B95F-DF7740C8C2BA}.Release|Any CPU.ActiveCfg = Release|Any CPU
		{ED0779E0-E3AB-4DE1-B95F-DF7740C8C2BA}.Release|Any CPU.Build.0 = Release|Any CPU
		{4E94F62C-3725-492E-823F-D9C3C10CD927}.Debug|Any CPU.ActiveCfg = Debug|Any CPU
		{4E94F62C-3725-492E-823F-D9C3C10CD927}.Debug|Any CPU.Build.0 = Debug|Any CPU
		{4E94F62C-3725-492E-823F-D9C3C10CD927}.Release|Any CPU.ActiveCfg = Release|Any CPU
		{4E94F62C-3725-492E-823F-D9C3C10CD927}.Release|Any CPU.Build.0 = Release|Any CPU
		{07E82D77-2EA7-47FA-87A4-03D5284A7BF1}.Debug|Any CPU.ActiveCfg = Debug|Any CPU
		{07E82D77-2EA7-47FA-87A4-03D5284A7BF1}.Debug|Any CPU.Build.0 = Debug|Any CPU
		{07E82D77-2EA7-47FA-87A4-03D5284A7BF1}.Release|Any CPU.ActiveCfg = Release|Any CPU
		{07E82D77-2EA7-47FA-87A4-03D5284A7BF1}.Release|Any CPU.Build.0 = Release|Any CPU
	EndGlobalSection
	GlobalSection(SolutionProperties) = preSolution
		HideSolutionNode = FALSE
	EndGlobalSection
EndGlobal
